
Microsoft Visual Studio Solution File, Format Version 12.00
# Visual Studio Version 17
VisualStudioVersion = 17.11.35431.28
MinimumVisualStudioVersion = 10.0.40219.1
Project("{2150E333-8FDC-42A3-9474-1A3956D46DE8}") = "src", "src", "{0BC991A1-133C-49ED-A141-80E2A906898B}"
EndProject
Project("{9A19103F-16F7-4668-BE54-9A1E7A4F7556}") = "Perpetuum.Server", "src\Perpetuum.Server\Perpetuum.Server.csproj", "{21389130-AD67-451C-AB20-FA0749C8368F}"
EndProject
Project("{9A19103F-16F7-4668-BE54-9A1E7A4F7556}") = "Perpetuum.Bootstrapper", "src\Perpetuum.Bootstrapper\Perpetuum.Bootstrapper.csproj", "{E0B34964-60EF-43E0-9EEA-1A81E8D35AE0}"
EndProject
Project("{9A19103F-16F7-4668-BE54-9A1E7A4F7556}") = "Perpetuum", "src\Perpetuum\Perpetuum.csproj", "{FBFBF900-8714-4C05-B191-1D36C2C63F92}"
EndProject
Project("{9A19103F-16F7-4668-BE54-9A1E7A4F7556}") = "Perpetuum.ExportedTypes", "src\Perpetuum.ExportedTypes\Perpetuum.ExportedTypes.csproj", "{5992F619-7655-43F1-8A33-21B5877714A5}"
EndProject
Project("{9A19103F-16F7-4668-BE54-9A1E7A4F7556}") = "Perpetuum.RequestHandlers", "src\Perpetuum.RequestHandlers\Perpetuum.RequestHandlers.csproj", "{C1F1B228-8286-4207-9C51-09AB3FDFE935}"
EndProject
Project("{B7DD6F7E-DEF8-4E67-B5B7-07EF123DB6F0}") = "Perpetuum.ServerService2Installer", "src\Perpetuum.ServerService2Installer\Perpetuum.ServerService2Installer.wixproj", "{ABBCAAB8-AA31-4705-BDA8-B4EDDFFA7F4E}"
EndProject
Project("{FAE04EC0-301F-11D3-BF4B-00C04F79EFBC}") = "Perpetuum.ServerService2", "src\Perpetuum.ServerService2\Perpetuum.ServerService2.csproj", "{A2FCE930-E013-4731-B354-F7DA00322D38}"
EndProject
Project("{FAE04EC0-301F-11D3-BF4B-00C04F79EFBC}") = "Open.Nat", "src\Open.Nat\Open.Nat.csproj", "{0408B3DE-F78F-4003-89CB-E5B3A9CB4433}"
EndProject
Global
	GlobalSection(SolutionConfigurationPlatforms) = preSolution
		Debug|Any CPU = Debug|Any CPU
		Debug|ARM64 = Debug|ARM64
		Debug|x64 = Debug|x64
		Debug|x86 = Debug|x86
		Release|Any CPU = Release|Any CPU
		Release|ARM64 = Release|ARM64
		Release|x64 = Release|x64
		Release|x86 = Release|x86
	EndGlobalSection
	GlobalSection(ProjectConfigurationPlatforms) = postSolution
		{21389130-AD67-451C-AB20-FA0749C8368F}.Debug|Any CPU.ActiveCfg = Debug|Any CPU
		{21389130-AD67-451C-AB20-FA0749C8368F}.Debug|Any CPU.Build.0 = Debug|Any CPU
		{21389130-AD67-451C-AB20-FA0749C8368F}.Debug|ARM64.ActiveCfg = Debug|Any CPU
		{21389130-AD67-451C-AB20-FA0749C8368F}.Debug|ARM64.Build.0 = Debug|Any CPU
		{21389130-AD67-451C-AB20-FA0749C8368F}.Debug|x64.ActiveCfg = Debug|Any CPU
		{21389130-AD67-451C-AB20-FA0749C8368F}.Debug|x64.Build.0 = Debug|Any CPU
		{21389130-AD67-451C-AB20-FA0749C8368F}.Debug|x86.ActiveCfg = Debug|Any CPU
		{21389130-AD67-451C-AB20-FA0749C8368F}.Debug|x86.Build.0 = Debug|Any CPU
		{21389130-AD67-451C-AB20-FA0749C8368F}.Release|Any CPU.ActiveCfg = Release|Any CPU
		{21389130-AD67-451C-AB20-FA0749C8368F}.Release|Any CPU.Build.0 = Release|Any CPU
		{21389130-AD67-451C-AB20-FA0749C8368F}.Release|ARM64.ActiveCfg = Release|Any CPU
		{21389130-AD67-451C-AB20-FA0749C8368F}.Release|ARM64.Build.0 = Release|Any CPU
		{21389130-AD67-451C-AB20-FA0749C8368F}.Release|x64.ActiveCfg = Release|Any CPU
		{21389130-AD67-451C-AB20-FA0749C8368F}.Release|x64.Build.0 = Release|Any CPU
		{21389130-AD67-451C-AB20-FA0749C8368F}.Release|x86.ActiveCfg = Release|Any CPU
		{21389130-AD67-451C-AB20-FA0749C8368F}.Release|x86.Build.0 = Release|Any CPU
		{E0B34964-60EF-43E0-9EEA-1A81E8D35AE0}.Debug|Any CPU.ActiveCfg = Debug|Any CPU
		{E0B34964-60EF-43E0-9EEA-1A81E8D35AE0}.Debug|Any CPU.Build.0 = Debug|Any CPU
		{E0B34964-60EF-43E0-9EEA-1A81E8D35AE0}.Debug|ARM64.ActiveCfg = Debug|Any CPU
		{E0B34964-60EF-43E0-9EEA-1A81E8D35AE0}.Debug|ARM64.Build.0 = Debug|Any CPU
		{E0B34964-60EF-43E0-9EEA-1A81E8D35AE0}.Debug|x64.ActiveCfg = Debug|Any CPU
		{E0B34964-60EF-43E0-9EEA-1A81E8D35AE0}.Debug|x64.Build.0 = Debug|Any CPU
		{E0B34964-60EF-43E0-9EEA-1A81E8D35AE0}.Debug|x86.ActiveCfg = Debug|Any CPU
		{E0B34964-60EF-43E0-9EEA-1A81E8D35AE0}.Debug|x86.Build.0 = Debug|Any CPU
		{E0B34964-60EF-43E0-9EEA-1A81E8D35AE0}.Release|Any CPU.ActiveCfg = Release|Any CPU
		{E0B34964-60EF-43E0-9EEA-1A81E8D35AE0}.Release|Any CPU.Build.0 = Release|Any CPU
		{E0B34964-60EF-43E0-9EEA-1A81E8D35AE0}.Release|ARM64.ActiveCfg = Release|Any CPU
		{E0B34964-60EF-43E0-9EEA-1A81E8D35AE0}.Release|ARM64.Build.0 = Release|Any CPU
		{E0B34964-60EF-43E0-9EEA-1A81E8D35AE0}.Release|x64.ActiveCfg = Release|Any CPU
		{E0B34964-60EF-43E0-9EEA-1A81E8D35AE0}.Release|x64.Build.0 = Release|Any CPU
		{E0B34964-60EF-43E0-9EEA-1A81E8D35AE0}.Release|x86.ActiveCfg = Release|Any CPU
		{E0B34964-60EF-43E0-9EEA-1A81E8D35AE0}.Release|x86.Build.0 = Release|Any CPU
		{FBFBF900-8714-4C05-B191-1D36C2C63F92}.Debug|Any CPU.ActiveCfg = Debug|Any CPU
		{FBFBF900-8714-4C05-B191-1D36C2C63F92}.Debug|Any CPU.Build.0 = Debug|Any CPU
		{FBFBF900-8714-4C05-B191-1D36C2C63F92}.Debug|ARM64.ActiveCfg = Debug|Any CPU
		{FBFBF900-8714-4C05-B191-1D36C2C63F92}.Debug|ARM64.Build.0 = Debug|Any CPU
		{FBFBF900-8714-4C05-B191-1D36C2C63F92}.Debug|x64.ActiveCfg = Debug|Any CPU
		{FBFBF900-8714-4C05-B191-1D36C2C63F92}.Debug|x64.Build.0 = Debug|Any CPU
		{FBFBF900-8714-4C05-B191-1D36C2C63F92}.Debug|x86.ActiveCfg = Debug|Any CPU
		{FBFBF900-8714-4C05-B191-1D36C2C63F92}.Debug|x86.Build.0 = Debug|Any CPU
		{FBFBF900-8714-4C05-B191-1D36C2C63F92}.Release|Any CPU.ActiveCfg = Release|Any CPU
		{FBFBF900-8714-4C05-B191-1D36C2C63F92}.Release|Any CPU.Build.0 = Release|Any CPU
		{FBFBF900-8714-4C05-B191-1D36C2C63F92}.Release|ARM64.ActiveCfg = Release|Any CPU
		{FBFBF900-8714-4C05-B191-1D36C2C63F92}.Release|ARM64.Build.0 = Release|Any CPU
		{FBFBF900-8714-4C05-B191-1D36C2C63F92}.Release|x64.ActiveCfg = Release|Any CPU
		{FBFBF900-8714-4C05-B191-1D36C2C63F92}.Release|x64.Build.0 = Release|Any CPU
		{FBFBF900-8714-4C05-B191-1D36C2C63F92}.Release|x86.ActiveCfg = Release|Any CPU
		{FBFBF900-8714-4C05-B191-1D36C2C63F92}.Release|x86.Build.0 = Release|Any CPU
		{5992F619-7655-43F1-8A33-21B5877714A5}.Debug|Any CPU.ActiveCfg = Debug|Any CPU
		{5992F619-7655-43F1-8A33-21B5877714A5}.Debug|Any CPU.Build.0 = Debug|Any CPU
		{5992F619-7655-43F1-8A33-21B5877714A5}.Debug|ARM64.ActiveCfg = Debug|Any CPU
		{5992F619-7655-43F1-8A33-21B5877714A5}.Debug|ARM64.Build.0 = Debug|Any CPU
		{5992F619-7655-43F1-8A33-21B5877714A5}.Debug|x64.ActiveCfg = Debug|Any CPU
		{5992F619-7655-43F1-8A33-21B5877714A5}.Debug|x64.Build.0 = Debug|Any CPU
		{5992F619-7655-43F1-8A33-21B5877714A5}.Debug|x86.ActiveCfg = Debug|Any CPU
		{5992F619-7655-43F1-8A33-21B5877714A5}.Debug|x86.Build.0 = Debug|Any CPU
		{5992F619-7655-43F1-8A33-21B5877714A5}.Release|Any CPU.ActiveCfg = Release|Any CPU
		{5992F619-7655-43F1-8A33-21B5877714A5}.Release|Any CPU.Build.0 = Release|Any CPU
		{5992F619-7655-43F1-8A33-21B5877714A5}.Release|ARM64.ActiveCfg = Release|Any CPU
		{5992F619-7655-43F1-8A33-21B5877714A5}.Release|ARM64.Build.0 = Release|Any CPU
		{5992F619-7655-43F1-8A33-21B5877714A5}.Release|x64.ActiveCfg = Release|Any CPU
		{5992F619-7655-43F1-8A33-21B5877714A5}.Release|x64.Build.0 = Release|Any CPU
		{5992F619-7655-43F1-8A33-21B5877714A5}.Release|x86.ActiveCfg = Release|Any CPU
		{5992F619-7655-43F1-8A33-21B5877714A5}.Release|x86.Build.0 = Release|Any CPU
		{C1F1B228-8286-4207-9C51-09AB3FDFE935}.Debug|Any CPU.ActiveCfg = Debug|Any CPU
		{C1F1B228-8286-4207-9C51-09AB3FDFE935}.Debug|Any CPU.Build.0 = Debug|Any CPU
		{C1F1B228-8286-4207-9C51-09AB3FDFE935}.Debug|ARM64.ActiveCfg = Debug|Any CPU
		{C1F1B228-8286-4207-9C51-09AB3FDFE935}.Debug|ARM64.Build.0 = Debug|Any CPU
		{C1F1B228-8286-4207-9C51-09AB3FDFE935}.Debug|x64.ActiveCfg = Debug|Any CPU
		{C1F1B228-8286-4207-9C51-09AB3FDFE935}.Debug|x64.Build.0 = Debug|Any CPU
		{C1F1B228-8286-4207-9C51-09AB3FDFE935}.Debug|x86.ActiveCfg = Debug|Any CPU
		{C1F1B228-8286-4207-9C51-09AB3FDFE935}.Debug|x86.Build.0 = Debug|Any CPU
		{C1F1B228-8286-4207-9C51-09AB3FDFE935}.Release|Any CPU.ActiveCfg = Release|Any CPU
		{C1F1B228-8286-4207-9C51-09AB3FDFE935}.Release|Any CPU.Build.0 = Release|Any CPU
		{C1F1B228-8286-4207-9C51-09AB3FDFE935}.Release|ARM64.ActiveCfg = Release|Any CPU
		{C1F1B228-8286-4207-9C51-09AB3FDFE935}.Release|ARM64.Build.0 = Release|Any CPU
		{C1F1B228-8286-4207-9C51-09AB3FDFE935}.Release|x64.ActiveCfg = Release|Any CPU
		{C1F1B228-8286-4207-9C51-09AB3FDFE935}.Release|x64.Build.0 = Release|Any CPU
		{C1F1B228-8286-4207-9C51-09AB3FDFE935}.Release|x86.ActiveCfg = Release|Any CPU
		{C1F1B228-8286-4207-9C51-09AB3FDFE935}.Release|x86.Build.0 = Release|Any CPU
		{ABBCAAB8-AA31-4705-BDA8-B4EDDFFA7F4E}.Debug|Any CPU.ActiveCfg = Debug|x64
		{ABBCAAB8-AA31-4705-BDA8-B4EDDFFA7F4E}.Debug|Any CPU.Build.0 = Debug|x64
		{ABBCAAB8-AA31-4705-BDA8-B4EDDFFA7F4E}.Debug|ARM64.ActiveCfg = Debug|ARM64
		{ABBCAAB8-AA31-4705-BDA8-B4EDDFFA7F4E}.Debug|ARM64.Build.0 = Debug|ARM64
		{ABBCAAB8-AA31-4705-BDA8-B4EDDFFA7F4E}.Debug|x64.ActiveCfg = Debug|x64
		{ABBCAAB8-AA31-4705-BDA8-B4EDDFFA7F4E}.Debug|x64.Build.0 = Debug|x64
		{ABBCAAB8-AA31-4705-BDA8-B4EDDFFA7F4E}.Debug|x86.ActiveCfg = Debug|x86
		{ABBCAAB8-AA31-4705-BDA8-B4EDDFFA7F4E}.Debug|x86.Build.0 = Debug|x86
		{ABBCAAB8-AA31-4705-BDA8-B4EDDFFA7F4E}.Release|Any CPU.ActiveCfg = Release|x64
		{ABBCAAB8-AA31-4705-BDA8-B4EDDFFA7F4E}.Release|Any CPU.Build.0 = Release|x64
		{ABBCAAB8-AA31-4705-BDA8-B4EDDFFA7F4E}.Release|ARM64.ActiveCfg = Release|ARM64
		{ABBCAAB8-AA31-4705-BDA8-B4EDDFFA7F4E}.Release|ARM64.Build.0 = Release|ARM64
		{ABBCAAB8-AA31-4705-BDA8-B4EDDFFA7F4E}.Release|x64.ActiveCfg = Release|x64
		{ABBCAAB8-AA31-4705-BDA8-B4EDDFFA7F4E}.Release|x64.Build.0 = Release|x64
		{ABBCAAB8-AA31-4705-BDA8-B4EDDFFA7F4E}.Release|x86.ActiveCfg = Release|x86
		{ABBCAAB8-AA31-4705-BDA8-B4EDDFFA7F4E}.Release|x86.Build.0 = Release|x86
		{A2FCE930-E013-4731-B354-F7DA00322D38}.Debug|Any CPU.ActiveCfg = Debug|Any CPU
		{A2FCE930-E013-4731-B354-F7DA00322D38}.Debug|Any CPU.Build.0 = Debug|Any CPU
		{A2FCE930-E013-4731-B354-F7DA00322D38}.Debug|ARM64.ActiveCfg = Debug|Any CPU
		{A2FCE930-E013-4731-B354-F7DA00322D38}.Debug|ARM64.Build.0 = Debug|Any CPU
		{A2FCE930-E013-4731-B354-F7DA00322D38}.Debug|x64.ActiveCfg = Debug|Any CPU
		{A2FCE930-E013-4731-B354-F7DA00322D38}.Debug|x64.Build.0 = Debug|Any CPU
		{A2FCE930-E013-4731-B354-F7DA00322D38}.Debug|x86.ActiveCfg = Debug|Any CPU
		{A2FCE930-E013-4731-B354-F7DA00322D38}.Debug|x86.Build.0 = Debug|Any CPU
		{A2FCE930-E013-4731-B354-F7DA00322D38}.Release|Any CPU.ActiveCfg = Release|Any CPU
		{A2FCE930-E013-4731-B354-F7DA00322D38}.Release|Any CPU.Build.0 = Release|Any CPU
		{A2FCE930-E013-4731-B354-F7DA00322D38}.Release|ARM64.ActiveCfg = Release|Any CPU
		{A2FCE930-E013-4731-B354-F7DA00322D38}.Release|ARM64.Build.0 = Release|Any CPU
		{A2FCE930-E013-4731-B354-F7DA00322D38}.Release|x64.ActiveCfg = Release|Any CPU
		{A2FCE930-E013-4731-B354-F7DA00322D38}.Release|x64.Build.0 = Release|Any CPU
		{A2FCE930-E013-4731-B354-F7DA00322D38}.Release|x86.ActiveCfg = Release|Any CPU
		{A2FCE930-E013-4731-B354-F7DA00322D38}.Release|x86.Build.0 = Release|Any CPU
		{0408B3DE-F78F-4003-89CB-E5B3A9CB4433}.Debug|Any CPU.ActiveCfg = Debug|Any CPU
		{0408B3DE-F78F-4003-89CB-E5B3A9CB4433}.Debug|Any CPU.Build.0 = Debug|Any CPU
		{0408B3DE-F78F-4003-89CB-E5B3A9CB4433}.Debug|ARM64.ActiveCfg = Debug|Any CPU
		{0408B3DE-F78F-4003-89CB-E5B3A9CB4433}.Debug|ARM64.Build.0 = Debug|Any CPU
		{0408B3DE-F78F-4003-89CB-E5B3A9CB4433}.Debug|x64.ActiveCfg = Debug|Any CPU
		{0408B3DE-F78F-4003-89CB-E5B3A9CB4433}.Debug|x64.Build.0 = Debug|Any CPU
		{0408B3DE-F78F-4003-89CB-E5B3A9CB4433}.Debug|x86.ActiveCfg = Debug|Any CPU
		{0408B3DE-F78F-4003-89CB-E5B3A9CB4433}.Debug|x86.Build.0 = Debug|Any CPU
		{0408B3DE-F78F-4003-89CB-E5B3A9CB4433}.Release|Any CPU.ActiveCfg = Release|Any CPU
		{0408B3DE-F78F-4003-89CB-E5B3A9CB4433}.Release|Any CPU.Build.0 = Release|Any CPU
		{0408B3DE-F78F-4003-89CB-E5B3A9CB4433}.Release|ARM64.ActiveCfg = Release|Any CPU
		{0408B3DE-F78F-4003-89CB-E5B3A9CB4433}.Release|ARM64.Build.0 = Release|Any CPU
		{0408B3DE-F78F-4003-89CB-E5B3A9CB4433}.Release|x64.ActiveCfg = Release|Any CPU
		{0408B3DE-F78F-4003-89CB-E5B3A9CB4433}.Release|x64.Build.0 = Release|Any CPU
		{0408B3DE-F78F-4003-89CB-E5B3A9CB4433}.Release|x86.ActiveCfg = Release|Any CPU
		{0408B3DE-F78F-4003-89CB-E5B3A9CB4433}.Release|x86.Build.0 = Release|Any CPU
	EndGlobalSection
	GlobalSection(SolutionProperties) = preSolution
		HideSolutionNode = FALSE
	EndGlobalSection
	GlobalSection(NestedProjects) = preSolution
		{21389130-AD67-451C-AB20-FA0749C8368F} = {0BC991A1-133C-49ED-A141-80E2A906898B}
		{E0B34964-60EF-43E0-9EEA-1A81E8D35AE0} = {0BC991A1-133C-49ED-A141-80E2A906898B}
		{FBFBF900-8714-4C05-B191-1D36C2C63F92} = {0BC991A1-133C-49ED-A141-80E2A906898B}
		{5992F619-7655-43F1-8A33-21B5877714A5} = {0BC991A1-133C-49ED-A141-80E2A906898B}
		{C1F1B228-8286-4207-9C51-09AB3FDFE935} = {0BC991A1-133C-49ED-A141-80E2A906898B}
		{A2FCE930-E013-4731-B354-F7DA00322D38} = {0BC991A1-133C-49ED-A141-80E2A906898B}
		{0408B3DE-F78F-4003-89CB-E5B3A9CB4433} = {0BC991A1-133C-49ED-A141-80E2A906898B}
	EndGlobalSection
	GlobalSection(ExtensibilityGlobals) = postSolution
		SolutionGuid = {91874B60-30B0-4B48-9155-370E40BC70E6}
	EndGlobalSection
EndGlobal
